
Microsoft Visual Studio Solution File, Format Version 12.00
# Visual Studio Version 16
VisualStudioVersion = 16.0.31313.79
MinimumVisualStudioVersion = 10.0.40219.1
Project("{FAE04EC0-301F-11D3-BF4B-00C04F79EFBC}") = "TicTacToe", "TicTacToe.csproj", "{19DB4735-FFAC-48DB-868E-2B24872B984F}"
EndProject
Global
	GlobalSection(SolutionConfigurationPlatforms) = preSolution
		Debug|Any CPU = Debug|Any CPU
		Release|Any CPU = Release|Any CPU
	EndGlobalSection
	GlobalSection(ProjectConfigurationPlatforms) = postSolution
		{19DB4735-FFAC-48DB-868E-2B24872B984F}.Debug|Any CPU.ActiveCfg = Debug|Any CPU
		{19DB4735-FFAC-48DB-868E-2B24872B984F}.Debug|Any CPU.Build.0 = Debug|Any CPU
		{19DB4735-FFAC-48DB-868E-2B24872B984F}.Release|Any CPU.ActiveCfg = Release|Any CPU
		{19DB4735-FFAC-48DB-868E-2B24872B984F}.Release|Any CPU.Build.0 = Release|Any CPU
	EndGlobalSection
	GlobalSection(SolutionProperties) = preSolution
		HideSolutionNode = FALSE
	EndGlobalSection
	GlobalSection(ExtensibilityGlobals) = postSolution
		SolutionGuid = {B1B97503-1FC6-45A3-96C5-E37DF6B312AE}
	EndGlobalSection
EndGlobal
